// !$*UTF8*$!
{
	archiveVersion = 1;
	classes = {
	};
	objectVersion = 77;
	objects = {

/* Begin PBXFileReference section */
		3F5E14022D3F862700F56AF4 /* 2025GameJamBubbule.app */ = {isa = PBXFileReference; explicitFileType = wrapper.application; includeInIndex = 0; path = 2025GameJamBubbule.app; sourceTree = BUILT_PRODUCTS_DIR; };
		3F5E14132D3F862700F56AF4 /* 2025GameJamBubbule.app */ = {isa = PBXFileReference; explicitFileType = wrapper.application; includeInIndex = 0; path = 2025GameJamBubbule.app; sourceTree = BUILT_PRODUCTS_DIR; };
/* End PBXFileReference section */

/* Begin PBXFileSystemSynchronizedBuildFileExceptionSet section */
		3FD23FD82D437D08006F7D68 /* Exceptions for "2025GameJamBubbule Shared" folder in "2025GameJamBubbule iOS" target */ = {
			isa = PBXFileSystemSynchronizedBuildFileExceptionSet;
			membershipExceptions = (
				GameFoundation/Core/Playground/PlaygroundExtras.swift,
				GameFoundation/Core/Playground/PlaygroundMessage.swift,
				"GameFoundation/Core/Playground/PlaygroundValue+Codable.swift",
				GameFoundation/Core/Playground/PlaygroundValueAccessor.swift,
				GameFoundation/Core/Supporting/AuthorizationManager.swift,
				GameFoundation/Core/Supporting/ClampedInteger.swift,
				GameFoundation/Core/Supporting/Font.swift,
				GameFoundation/Core/Supporting/HelperFunctions.swift,
				GameFoundation/Core/Supporting/Rect.swift,
				"GameFoundation/Scene/CGPoint+ext.swift",
				"GameFoundation/Scene/SKAction+ext.swift",
			);
			target = 3F5E14012D3F862700F56AF4 /* 2025GameJamBubbule iOS */;
		};
		3FD23FD92D437D08006F7D68 /* Exceptions for "2025GameJamBubbule Shared" folder in "2025GameJamBubbule macOS" target */ = {
			isa = PBXFileSystemSynchronizedBuildFileExceptionSet;
			membershipExceptions = (
				Actions.sks,
				Assets.xcassets,
				bgm.mp3,
				bubbule_blowing_end.mp3,
				bubbule_blowing.mp3,
				cat_move.mp3,
				Game/Constant/PhysicsCategory.swift,
				Game/Game.swift,
				Game/Level/GameLevel.swift,
				Game/Level/Layout.swift,
				Game/Level/Level.swift,
				Game/Sprite/Background.swift,
				Game/Sprite/Ball.swift,
				Game/Sprite/BaseSprite.swift,
				Game/Sprite/Brick.swift,
				Game/Sprite/Bubble.swift,
				Game/Sprite/Bubble/ActiveBubble.swift,
				Game/Sprite/Cat/Cat.swift,
				Game/Sprite/Cat/state/CatBlowingState.swift,
				Game/Sprite/Cat/state/CatIdleState.swift,
				Game/Sprite/Cat/state/CatState.swift,
				Game/Sprite/Cat/state/CatWalkingState.swift,
				Game/Sprite/MaskBubble.swift,
				Game/Sprite/Paddle.swift,
				Game/Sprite/Player.swift,
				"Game/UI/GameScene+main.swift",
				Game/UI/GameUI.swift,
				"GameFoundation/Core/Extensions/UIColor+extensions.swift",
				"GameFoundation/Core/Extensions/UIImage+Extensions.swift",
				GameFoundation/Core/Playground/LiveViewExtensionHost.swift,
				GameFoundation/Core/Playground/PlaygroundValueTransformable.swift,
				GameFoundation/Core/Supporting/Point.swift,
				GameFoundation/Core/Supporting/Size.swift,
				GameFoundation/Core/Supporting/Vector.swift,
				"GameFoundation/Graphic+ext.swift",
				GameFoundation/GraphicType.swift,
				GameFoundation/Image.swift,
				GameFoundation/Messagable.swift,
				GameFoundation/Message.swift,
				GameFoundation/MessageControl.swift,
				GameFoundation/PlaygroundValue.swift,
				GameFoundation/Scene/AnchorPoint.swift,
				GameFoundation/Scene/Collision.swift,
				GameFoundation/Scene/InteractionCategory.swift,
				GameFoundation/Scene/SceneProxyProtocol.swift,
				GameFoundation/Sendable.swift,
				GameFoundation/Sound.swift,
				GameFoundation/Sprite.swift,
				GameFoundation/Touch.swift,
				GameScene.sks,
				GameScene.swift,
			);
			target = 3F5E14122D3F862700F56AF4 /* 2025GameJamBubbule macOS */;
		};
/* End PBXFileSystemSynchronizedBuildFileExceptionSet section */

/* Begin PBXFileSystemSynchronizedRootGroup section */
		3F5E14042D3F862700F56AF4 /* 2025GameJamBubbule iOS */ = {
			isa = PBXFileSystemSynchronizedRootGroup;
			path = "2025GameJamBubbule iOS";
			sourceTree = "<group>";
		};
		3F5E14142D3F862700F56AF4 /* 2025GameJamBubbule macOS */ = {
			isa = PBXFileSystemSynchronizedRootGroup;
			path = "2025GameJamBubbule macOS";
			sourceTree = "<group>";
		};
		3FD23F972D437D08006F7D68 /* 2025GameJamBubbule Shared */ = {
			isa = PBXFileSystemSynchronizedRootGroup;
			exceptions = (
				3FD23FD82D437D08006F7D68 /* Exceptions for "2025GameJamBubbule Shared" folder in "2025GameJamBubbule iOS" target */,
				3FD23FD92D437D08006F7D68 /* Exceptions for "2025GameJamBubbule Shared" folder in "2025GameJamBubbule macOS" target */,
			);
			path = "2025GameJamBubbule Shared";
			sourceTree = "<group>";
		};
/* End PBXFileSystemSynchronizedRootGroup section */

/* Begin PBXFrameworksBuildPhase section */
		3F5E13FF2D3F862700F56AF4 /* Frameworks */ = {
			isa = PBXFrameworksBuildPhase;
			buildActionMask = 2147483647;
			files = (
			);
			runOnlyForDeploymentPostprocessing = 0;
		};
		3F5E14102D3F862700F56AF4 /* Frameworks */ = {
			isa = PBXFrameworksBuildPhase;
			buildActionMask = 2147483647;
			files = (
			);
			runOnlyForDeploymentPostprocessing = 0;
		};
/* End PBXFrameworksBuildPhase section */

/* Begin PBXGroup section */
		3F5E13F42D3F862500F56AF4 = {
			isa = PBXGroup;
			children = (
				3F5E14042D3F862700F56AF4 /* 2025GameJamBubbule iOS */,
				3F5E14142D3F862700F56AF4 /* 2025GameJamBubbule macOS */,
				3F5E14032D3F862700F56AF4 /* Products */,
				3FD23F972D437D08006F7D68 /* 2025GameJamBubbule Shared */,
			);
			sourceTree = "<group>";
		};
		3F5E14032D3F862700F56AF4 /* Products */ = {
			isa = PBXGroup;
			children = (
				3F5E14022D3F862700F56AF4 /* 2025GameJamBubbule.app */,
				3F5E14132D3F862700F56AF4 /* 2025GameJamBubbule.app */,
			);
			name = Products;
			sourceTree = "<group>";
		};
/* End PBXGroup section */

/* Begin PBXNativeTarget section */
		3F5E14012D3F862700F56AF4 /* 2025GameJamBubbule iOS */ = {
			isa = PBXNativeTarget;
			buildConfigurationList = 3F5E14262D3F862700F56AF4 /* Build configuration list for PBXNativeTarget "2025GameJamBubbule iOS" */;
			buildPhases = (
				3F5E13FE2D3F862700F56AF4 /* Sources */,
				3F5E13FF2D3F862700F56AF4 /* Frameworks */,
				3F5E14002D3F862700F56AF4 /* Resources */,
			);
			buildRules = (
			);
			dependencies = (
			);
			fileSystemSynchronizedGroups = (
				3F5E14042D3F862700F56AF4 /* 2025GameJamBubbule iOS */,
				3FD23F972D437D08006F7D68 /* 2025GameJamBubbule Shared */,
			);
			name = "2025GameJamBubbule iOS";
			packageProductDependencies = (
			);
			productName = "2025GameJamBubbule iOS";
			productReference = 3F5E14022D3F862700F56AF4 /* 2025GameJamBubbule.app */;
			productType = "com.apple.product-type.application";
		};
		3F5E14122D3F862700F56AF4 /* 2025GameJamBubbule macOS */ = {
			isa = PBXNativeTarget;
			buildConfigurationList = 3F5E142A2D3F862700F56AF4 /* Build configuration list for PBXNativeTarget "2025GameJamBubbule macOS" */;
			buildPhases = (
				3F5E140F2D3F862700F56AF4 /* Sources */,
				3F5E14102D3F862700F56AF4 /* Frameworks */,
				3F5E14112D3F862700F56AF4 /* Resources */,
			);
			buildRules = (
			);
			dependencies = (
			);
			fileSystemSynchronizedGroups = (
				3F5E14142D3F862700F56AF4 /* 2025GameJamBubbule macOS */,
			);
			name = "2025GameJamBubbule macOS";
			packageProductDependencies = (
			);
			productName = "2025GameJamBubbule macOS";
			productReference = 3F5E14132D3F862700F56AF4 /* 2025GameJamBubbule.app */;
			productType = "com.apple.product-type.application";
		};
/* End PBXNativeTarget section */

/* Begin PBXProject section */
		3F5E13F52D3F862500F56AF4 /* Project object */ = {
			isa = PBXProject;
			attributes = {
				BuildIndependentTargetsInParallel = 1;
				LastSwiftUpdateCheck = 1600;
				LastUpgradeCheck = 1600;
				TargetAttributes = {
					3F5E14012D3F862700F56AF4 = {
						CreatedOnToolsVersion = 16.0;
					};
					3F5E14122D3F862700F56AF4 = {
						CreatedOnToolsVersion = 16.0;
					};
				};
			};
			buildConfigurationList = 3F5E13F82D3F862500F56AF4 /* Build configuration list for PBXProject "2025GameJamBubbule" */;
			developmentRegion = en;
			hasScannedForEncodings = 0;
			knownRegions = (
				en,
				Base,
			);
			mainGroup = 3F5E13F42D3F862500F56AF4;
			minimizedProjectReferenceProxies = 1;
			preferredProjectObjectVersion = 77;
			productRefGroup = 3F5E14032D3F862700F56AF4 /* Products */;
			projectDirPath = "";
			projectRoot = "";
			targets = (
				3F5E14012D3F862700F56AF4 /* 2025GameJamBubbule iOS */,
				3F5E14122D3F862700F56AF4 /* 2025GameJamBubbule macOS */,
			);
		};
/* End PBXProject section */

/* Begin PBXResourcesBuildPhase section */
		3F5E14002D3F862700F56AF4 /* Resources */ = {
			isa = PBXResourcesBuildPhase;
			buildActionMask = 2147483647;
			files = (
			);
			runOnlyForDeploymentPostprocessing = 0;
		};
		3F5E14112D3F862700F56AF4 /* Resources */ = {
			isa = PBXResourcesBuildPhase;
			buildActionMask = 2147483647;
			files = (
			);
			runOnlyForDeploymentPostprocessing = 0;
		};
/* End PBXResourcesBuildPhase section */

/* Begin PBXSourcesBuildPhase section */
		3F5E13FE2D3F862700F56AF4 /* Sources */ = {
			isa = PBXSourcesBuildPhase;
			buildActionMask = 2147483647;
			files = (
			);
			runOnlyForDeploymentPostprocessing = 0;
		};
		3F5E140F2D3F862700F56AF4 /* Sources */ = {
			isa = PBXSourcesBuildPhase;
			buildActionMask = 2147483647;
			files = (
			);
			runOnlyForDeploymentPostprocessing = 0;
		};
/* End PBXSourcesBuildPhase section */

/* Begin XCBuildConfiguration section */
		3F5E14272D3F862700F56AF4 /* Debug */ = {
			isa = XCBuildConfiguration;
			buildSettings = {
				ASSETCATALOG_COMPILER_APPICON_NAME = AppIcon;
				ASSETCATALOG_COMPILER_GLOBAL_ACCENT_COLOR_NAME = AccentColor;
				CODE_SIGN_STYLE = Automatic;
				CURRENT_PROJECT_VERSION = 1;
				DEVELOPMENT_TEAM = XDMT24HZFD;
				GENERATE_INFOPLIST_FILE = YES;
				INFOPLIST_KEY_UIApplicationSupportsIndirectInputEvents = YES;
				INFOPLIST_KEY_UILaunchStoryboardName = LaunchScreen;
				INFOPLIST_KEY_UIMainStoryboardFile = Main;
				INFOPLIST_KEY_UIStatusBarHidden = YES;
				INFOPLIST_KEY_UISupportedInterfaceOrientations_iPad = "UIInterfaceOrientationPortrait UIInterfaceOrientationPortraitUpsideDown UIInterfaceOrientationLandscapeLeft UIInterfaceOrientationLandscapeRight";
				INFOPLIST_KEY_UISupportedInterfaceOrientations_iPhone = "UIInterfaceOrientationPortrait UIInterfaceOrientationLandscapeLeft UIInterfaceOrientationLandscapeRight";
				IPHONEOS_DEPLOYMENT_TARGET = 15.6;
				LD_RUNPATH_SEARCH_PATHS = (
					"$(inherited)",
					"@executable_path/Frameworks",
				);
				MARKETING_VERSION = 1.0;
				PRODUCT_BUNDLE_IDENTIFIER = ayougame.25GameJamBubbule;
				PRODUCT_NAME = 2025GameJamBubbule;
				SDKROOT = iphoneos;
				SWIFT_EMIT_LOC_STRINGS = YES;
				SWIFT_VERSION = 5.0;
				TARGETED_DEVICE_FAMILY = "1,2";
			};
			name = Debug;
		};
		3F5E14282D3F862700F56AF4 /* Release */ = {
			isa = XCBuildConfiguration;
			buildSettings = {
				ASSETCATALOG_COMPILER_APPICON_NAME = AppIcon;
				ASSETCATALOG_COMPILER_GLOBAL_ACCENT_COLOR_NAME = AccentColor;
				CODE_SIGN_STYLE = Automatic;
				CURRENT_PROJECT_VERSION = 1;
				DEVELOPMENT_TEAM = XDMT24HZFD;
				GENERATE_INFOPLIST_FILE = YES;
				INFOPLIST_KEY_UIApplicationSupportsIndirectInputEvents = YES;
				INFOPLIST_KEY_UILaunchStoryboardName = LaunchScreen;
				INFOPLIST_KEY_UIMainStoryboardFile = Main;
				INFOPLIST_KEY_UIStatusBarHidden = YES;
				INFOPLIST_KEY_UISupportedInterfaceOrientations_iPad = "UIInterfaceOrientationPortrait UIInterfaceOrientationPortraitUpsideDown UIInterfaceOrientationLandscapeLeft UIInterfaceOrientationLandscapeRight";
				INFOPLIST_KEY_UISupportedInterfaceOrientations_iPhone = "UIInterfaceOrientationPortrait UIInterfaceOrientationLandscapeLeft UIInterfaceOrientationLandscapeRight";
				IPHONEOS_DEPLOYMENT_TARGET = 15.6;
				LD_RUNPATH_SEARCH_PATHS = (
					"$(inherited)",
					"@executable_path/Frameworks",
				);
				MARKETING_VERSION = 1.0;
				PRODUCT_BUNDLE_IDENTIFIER = ayougame.25GameJamBubbule;
				PRODUCT_NAME = 2025GameJamBubbule;
				SDKROOT = iphoneos;
				SWIFT_EMIT_LOC_STRINGS = YES;
				SWIFT_VERSION = 5.0;
				TARGETED_DEVICE_FAMILY = "1,2";
				VALIDATE_PRODUCT = YES;
			};
			name = Release;
		};
		3F5E142B2D3F862700F56AF4 /* Debug */ = {
			isa = XCBuildConfiguration;
			buildSettings = {
				ASSETCATALOG_COMPILER_APPICON_NAME = AppIcon;
				ASSETCATALOG_COMPILER_GLOBAL_ACCENT_COLOR_NAME = AccentColor;
				CODE_SIGN_ENTITLEMENTS = "2025GameJamBubbule macOS/_025GameJamBubbule_macOS.entitlements";
				CODE_SIGN_STYLE = Automatic;
				COMBINE_HIDPI_IMAGES = YES;
				CURRENT_PROJECT_VERSION = 1;
				DEVELOPMENT_TEAM = XDMT24HZFD;
				ENABLE_HARDENED_RUNTIME = YES;
				GENERATE_INFOPLIST_FILE = YES;
				INFOPLIST_KEY_NSHumanReadableCopyright = "";
				INFOPLIST_KEY_NSMainStoryboardFile = Main;
				INFOPLIST_KEY_NSPrincipalClass = NSApplication;
				LD_RUNPATH_SEARCH_PATHS = (
					"$(inherited)",
					"@executable_path/../Frameworks",
				);
				MACOSX_DEPLOYMENT_TARGET = 14.6;
				MARKETING_VERSION = 1.0;
				PRODUCT_BUNDLE_IDENTIFIER = "ayougame.-025GameJamBubbule";
				PRODUCT_NAME = 2025GameJamBubbule;
				SDKROOT = macosx;
				SWIFT_EMIT_LOC_STRINGS = YES;
				SWIFT_VERSION = 5.0;
			};
			name = Debug;
		};
		3F5E142C2D3F862700F56AF4 /* Release */ = {
			isa = XCBuildConfiguration;
			buildSettings = {
				ASSETCATALOG_COMPILER_APPICON_NAME = AppIcon;
				ASSETCATALOG_COMPILER_GLOBAL_ACCENT_COLOR_NAME = AccentColor;
				CODE_SIGN_ENTITLEMENTS = "2025GameJamBubbule macOS/_025GameJamBubbule_macOS.entitlements";
				CODE_SIGN_STYLE = Automatic;
				COMBINE_HIDPI_IMAGES = YES;
				CURRENT_PROJECT_VERSION = 1;
				DEVELOPMENT_TEAM = XDMT24HZFD;
				ENABLE_HARDENED_RUNTIME = YES;
				GENERATE_INFOPLIST_FILE = YES;
				INFOPLIST_KEY_NSHumanReadableCopyright = "";
				INFOPLIST_KEY_NSMainStoryboardFile = Main;
				INFOPLIST_KEY_NSPrincipalClass = NSApplication;
				LD_RUNPATH_SEARCH_PATHS = (
					"$(inherited)",
					"@executable_path/../Frameworks",
				);
				MACOSX_DEPLOYMENT_TARGET = 14.6;
				MARKETING_VERSION = 1.0;
				PRODUCT_BUNDLE_IDENTIFIER = "ayougame.-025GameJamBubbule";
				PRODUCT_NAME = 2025GameJamBubbule;
				SDKROOT = macosx;
				SWIFT_EMIT_LOC_STRINGS = YES;
				SWIFT_VERSION = 5.0;
			};
			name = Release;
		};
		3F5E142D2D3F862700F56AF4 /* Debug */ = {
			isa = XCBuildConfiguration;
			buildSettings = {
				ALWAYS_SEARCH_USER_PATHS = NO;
				ASSETCATALOG_COMPILER_GENERATE_SWIFT_ASSET_SYMBOL_EXTENSIONS = YES;
				CLANG_ANALYZER_NONNULL = YES;
				CLANG_ANALYZER_NUMBER_OBJECT_CONVERSION = YES_AGGRESSIVE;
				CLANG_CXX_LANGUAGE_STANDARD = "gnu++20";
				CLANG_ENABLE_MODULES = YES;
				CLANG_ENABLE_OBJC_ARC = YES;
				CLANG_ENABLE_OBJC_WEAK = YES;
				CLANG_WARN_BLOCK_CAPTURE_AUTORELEASING = YES;
				CLANG_WARN_BOOL_CONVERSION = YES;
				CLANG_WARN_COMMA = YES;
				CLANG_WARN_CONSTANT_CONVERSION = YES;
				CLANG_WARN_DEPRECATED_OBJC_IMPLEMENTATIONS = YES;
				CLANG_WARN_DIRECT_OBJC_ISA_USAGE = YES_ERROR;
				CLANG_WARN_DOCUMENTATION_COMMENTS = YES;
				CLANG_WARN_EMPTY_BODY = YES;
				CLANG_WARN_ENUM_CONVERSION = YES;
				CLANG_WARN_INFINITE_RECURSION = YES;
				CLANG_WARN_INT_CONVERSION = YES;
				CLANG_WARN_NON_LITERAL_NULL_CONVERSION = YES;
				CLANG_WARN_OBJC_IMPLICIT_RETAIN_SELF = YES;
				CLANG_WARN_OBJC_LITERAL_CONVERSION = YES;
				CLANG_WARN_OBJC_ROOT_CLASS = YES_ERROR;
				CLANG_WARN_QUOTED_INCLUDE_IN_FRAMEWORK_HEADER = YES;
				CLANG_WARN_RANGE_LOOP_ANALYSIS = YES;
				CLANG_WARN_STRICT_PROTOTYPES = YES;
				CLANG_WARN_SUSPICIOUS_MOVE = YES;
				CLANG_WARN_UNGUARDED_AVAILABILITY = YES_AGGRESSIVE;
				CLANG_WARN_UNREACHABLE_CODE = YES;
				CLANG_WARN__DUPLICATE_METHOD_MATCH = YES;
				COPY_PHASE_STRIP = NO;
				DEBUG_INFORMATION_FORMAT = dwarf;
				ENABLE_STRICT_OBJC_MSGSEND = YES;
				ENABLE_TESTABILITY = YES;
				ENABLE_USER_SCRIPT_SANDBOXING = YES;
				GCC_C_LANGUAGE_STANDARD = gnu17;
				GCC_DYNAMIC_NO_PIC = NO;
				GCC_NO_COMMON_BLOCKS = YES;
				GCC_OPTIMIZATION_LEVEL = 0;
				GCC_PREPROCESSOR_DEFINITIONS = (
					"DEBUG=1",
					"$(inherited)",
				);
				GCC_WARN_64_TO_32_BIT_CONVERSION = YES;
				GCC_WARN_ABOUT_RETURN_TYPE = YES_ERROR;
				GCC_WARN_UNDECLARED_SELECTOR = YES;
				GCC_WARN_UNINITIALIZED_AUTOS = YES_AGGRESSIVE;
				GCC_WARN_UNUSED_FUNCTION = YES;
				GCC_WARN_UNUSED_VARIABLE = YES;
				LOCALIZATION_PREFERS_STRING_CATALOGS = YES;
				MTL_ENABLE_DEBUG_INFO = INCLUDE_SOURCE;
				MTL_FAST_MATH = YES;
				ONLY_ACTIVE_ARCH = YES;
				SWIFT_ACTIVE_COMPILATION_CONDITIONS = "DEBUG $(inherited)";
				SWIFT_OPTIMIZATION_LEVEL = "-Onone";
			};
			name = Debug;
		};
		3F5E142E2D3F862700F56AF4 /* Release */ = {
			isa = XCBuildConfiguration;
			buildSettings = {
				ALWAYS_SEARCH_USER_PATHS = NO;
				ASSETCATALOG_COMPILER_GENERATE_SWIFT_ASSET_SYMBOL_EXTENSIONS = YES;
				CLANG_ANALYZER_NONNULL = YES;
				CLANG_ANALYZER_NUMBER_OBJECT_CONVERSION = YES_AGGRESSIVE;
				CLANG_CXX_LANGUAGE_STANDARD = "gnu++20";
				CLANG_ENABLE_MODULES = YES;
				CLANG_ENABLE_OBJC_ARC = YES;
				CLANG_ENABLE_OBJC_WEAK = YES;
				CLANG_WARN_BLOCK_CAPTURE_AUTORELEASING = YES;
				CLANG_WARN_BOOL_CONVERSION = YES;
				CLANG_WARN_COMMA = YES;
				CLANG_WARN_CONSTANT_CONVERSION = YES;
				CLANG_WARN_DEPRECATED_OBJC_IMPLEMENTATIONS = YES;
				CLANG_WARN_DIRECT_OBJC_ISA_USAGE = YES_ERROR;
				CLANG_WARN_DOCUMENTATION_COMMENTS = YES;
				CLANG_WARN_EMPTY_BODY = YES;
				CLANG_WARN_ENUM_CONVERSION = YES;
				CLANG_WARN_INFINITE_RECURSION = YES;
				CLANG_WARN_INT_CONVERSION = YES;
				CLANG_WARN_NON_LITERAL_NULL_CONVERSION = YES;
				CLANG_WARN_OBJC_IMPLICIT_RETAIN_SELF = YES;
				CLANG_WARN_OBJC_LITERAL_CONVERSION = YES;
				CLANG_WARN_OBJC_ROOT_CLASS = YES_ERROR;
				CLANG_WARN_QUOTED_INCLUDE_IN_FRAMEWORK_HEADER = YES;
				CLANG_WARN_RANGE_LOOP_ANALYSIS = YES;
				CLANG_WARN_STRICT_PROTOTYPES = YES;
				CLANG_WARN_SUSPICIOUS_MOVE = YES;
				CLANG_WARN_UNGUARDED_AVAILABILITY = YES_AGGRESSIVE;
				CLANG_WARN_UNREACHABLE_CODE = YES;
				CLANG_WARN__DUPLICATE_METHOD_MATCH = YES;
				COPY_PHASE_STRIP = NO;
				DEBUG_INFORMATION_FORMAT = "dwarf-with-dsym";
				ENABLE_NS_ASSERTIONS = NO;
				ENABLE_STRICT_OBJC_MSGSEND = YES;
				ENABLE_USER_SCRIPT_SANDBOXING = YES;
				GCC_C_LANGUAGE_STANDARD = gnu17;
				GCC_NO_COMMON_BLOCKS = YES;
				GCC_WARN_64_TO_32_BIT_CONVERSION = YES;
				GCC_WARN_ABOUT_RETURN_TYPE = YES_ERROR;
				GCC_WARN_UNDECLARED_SELECTOR = YES;
				GCC_WARN_UNINITIALIZED_AUTOS = YES_AGGRESSIVE;
				GCC_WARN_UNUSED_FUNCTION = YES;
				GCC_WARN_UNUSED_VARIABLE = YES;
				LOCALIZATION_PREFERS_STRING_CATALOGS = YES;
				MTL_ENABLE_DEBUG_INFO = NO;
				MTL_FAST_MATH = YES;
				SWIFT_COMPILATION_MODE = wholemodule;
			};
			name = Release;
		};
/* End XCBuildConfiguration section */

/* Begin XCConfigurationList section */
		3F5E13F82D3F862500F56AF4 /* Build configuration list for PBXProject "2025GameJamBubbule" */ = {
			isa = XCConfigurationList;
			buildConfigurations = (
				3F5E142D2D3F862700F56AF4 /* Debug */,
				3F5E142E2D3F862700F56AF4 /* Release */,
			);
			defaultConfigurationIsVisible = 0;
			defaultConfigurationName = Release;
		};
		3F5E14262D3F862700F56AF4 /* Build configuration list for PBXNativeTarget "2025GameJamBubbule iOS" */ = {
			isa = XCConfigurationList;
			buildConfigurations = (
				3F5E14272D3F862700F56AF4 /* Debug */,
				3F5E14282D3F862700F56AF4 /* Release */,
			);
			defaultConfigurationIsVisible = 0;
			defaultConfigurationName = Release;
		};
		3F5E142A2D3F862700F56AF4 /* Build configuration list for PBXNativeTarget "2025GameJamBubbule macOS" */ = {
			isa = XCConfigurationList;
			buildConfigurations = (
				3F5E142B2D3F862700F56AF4 /* Debug */,
				3F5E142C2D3F862700F56AF4 /* Release */,
			);
			defaultConfigurationIsVisible = 0;
			defaultConfigurationName = Release;
		};
/* End XCConfigurationList section */
	};
	rootObject = 3F5E13F52D3F862500F56AF4 /* Project object */;
}
